
Microsoft Visual Studio Solution File, Format Version 12.00
# Visual Studio Version 17
VisualStudioVersion = 17.0.31903.59
MinimumVisualStudioVersion = 10.0.40219.1
Project("{FAE04EC0-301F-11D3-BF4B-00C04F79EFBC}") = "Grapeseed", "Grapeseed\Grapeseed.csproj", "{62D25972-20F7-4AF6-B295-8CD07FC26E0A}"
EndProject
Project("{FAE04EC0-301F-11D3-BF4B-00C04F79EFBC}") = "Grapeseed.Tests", "Grapeseed.Tests\Grapeseed.Tests.csproj", "{2E8CD75B-24F0-451B-9265-09903214B5B6}"
EndProject
Global
	GlobalSection(SolutionConfigurationPlatforms) = preSolution
		Debug|Any CPU = Debug|Any CPU
		Release|Any CPU = Release|Any CPU
	EndGlobalSection
	GlobalSection(SolutionProperties) = preSolution
		HideSolutionNode = FALSE
	EndGlobalSection
	GlobalSection(ProjectConfigurationPlatforms) = postSolution
		{62D25972-20F7-4AF6-B295-8CD07FC26E0A}.Debug|Any CPU.ActiveCfg = Debug|Any CPU
		{62D25972-20F7-4AF6-B295-8CD07FC26E0A}.Debug|Any CPU.Build.0 = Debug|Any CPU
		{62D25972-20F7-4AF6-B295-8CD07FC26E0A}.Release|Any CPU.ActiveCfg = Release|Any CPU
		{62D25972-20F7-4AF6-B295-8CD07FC26E0A}.Release|Any CPU.Build.0 = Release|Any CPU
		{2E8CD75B-24F0-451B-9265-09903214B5B6}.Debug|Any CPU.ActiveCfg = Debug|Any CPU
		{2E8CD75B-24F0-451B-9265-09903214B5B6}.Debug|Any CPU.Build.0 = Debug|Any CPU
		{2E8CD75B-24F0-451B-9265-09903214B5B6}.Release|Any CPU.ActiveCfg = Release|Any CPU
		{2E8CD75B-24F0-451B-9265-09903214B5B6}.Release|Any CPU.Build.0 = Release|Any CPU
	EndGlobalSection
EndGlobal
